
Microsoft Visual Studio Solution File, Format Version 12.00
# Visual Studio Version 17
VisualStudioVersion = 17.5.33530.505
MinimumVisualStudioVersion = 10.0.40219.1
Project("{FAE04EC0-301F-11D3-BF4B-00C04F79EFBC}") = "TempleOfDoom", "TempleOfDoom\TempleOfDoom.csproj", "{6B7A09B6-D05F-4B72-BCC7-75AA60930D4D}"
EndProject
Global
	GlobalSection(SolutionConfigurationPlatforms) = preSolution
		Debug|Any CPU = Debug|Any CPU
		Release|Any CPU = Release|Any CPU
	EndGlobalSection
	GlobalSection(ProjectConfigurationPlatforms) = postSolution
		{6B7A09B6-D05F-4B72-BCC7-75AA60930D4D}.Debug|Any CPU.ActiveCfg = Debug|Any CPU
		{6B7A09B6-D05F-4B72-BCC7-75AA60930D4D}.Debug|Any CPU.Build.0 = Debug|Any CPU
		{6B7A09B6-D05F-4B72-BCC7-75AA60930D4D}.Release|Any CPU.ActiveCfg = Release|Any CPU
		{6B7A09B6-D05F-4B72-BCC7-75AA60930D4D}.Release|Any CPU.Build.0 = Release|Any CPU
	EndGlobalSection
	GlobalSection(SolutionProperties) = preSolution
		HideSolutionNode = FALSE
	EndGlobalSection
	GlobalSection(ExtensibilityGlobals) = postSolution
		SolutionGuid = {AF47F9BF-726C-4FE9-9535-79292DC3E631}
	EndGlobalSection
EndGlobal
